Microsoft Visual Studio Solution File, Format Version 10.00
# Visual Studio 2008
Project("{FAE04EC0-301F-11D3-BF4B-00C04F79EFBC}") = "Chess", "Chess\Chess.csproj", "{4265F8F0-1709-4C20-ACD2-903D603FD67A}"
EndProject
Project("{FAE04EC0-301F-11D3-BF4B-00C04F79EFBC}") = "ChessLibrary", "ClassLibrary\ChessLibrary.csproj", "{49ACB103-97A2-437A-AA64-38CD41A1DB51}"
EndProject
Global
	GlobalSection(SolutionConfigurationPlatforms) = preSolution
		Debug|Any CPU = Debug|Any CPU
		Release|Any CPU = Release|Any CPU
	EndGlobalSection
	GlobalSection(ProjectConfigurationPlatforms) = postSolution
		{4265F8F0-1709-4C20-ACD2-903D603FD67A}.Debug|Any CPU.ActiveCfg = Debug|Any CPU
		{4265F8F0-1709-4C20-ACD2-903D603FD67A}.Debug|Any CPU.Build.0 = Debug|Any CPU
		{4265F8F0-1709-4C20-ACD2-903D603FD67A}.Release|Any CPU.ActiveCfg = Release|Any CPU
		{4265F8F0-1709-4C20-ACD2-903D603FD67A}.Release|Any CPU.Build.0 = Release|Any CPU
		{49ACB103-97A2-437A-AA64-38CD41A1DB51}.Debug|Any CPU.ActiveCfg = Debug|Any CPU
		{49ACB103-97A2-437A-AA64-38CD41A1DB51}.Debug|Any CPU.Build.0 = Debug|Any CPU
		{49ACB103-97A2-437A-AA64-38CD41A1DB51}.Release|Any CPU.ActiveCfg = Release|Any CPU
		{49ACB103-97A2-437A-AA64-38CD41A1DB51}.Release|Any CPU.Build.0 = Release|Any CPU
	EndGlobalSection
	GlobalSection(SolutionProperties) = preSolution
		HideSolutionNode = FALSE
	EndGlobalSection
EndGlobal
